
Microsoft Visual Studio Solution File, Format Version 12.00
# Visual Studio 2012
Project("{FAE04EC0-301F-11D3-BF4B-00C04F79EFBC}") = "SystemXGUI", "SystemXGUI\SystemXGUI.csproj", "{E1DAEBA7-B136-4ADA-89FB-207E2DB8CB71}"
EndProject
Project("{FAE04EC0-301F-11D3-BF4B-00C04F79EFBC}") = "SystemData", "SystemData\SystemData.csproj", "{0B19FDC9-2B5B-4C2A-957B-EC989E971F48}"
EndProject
Global
	GlobalSection(SolutionConfigurationPlatforms) = preSolution
		Debug|Any CPU = Debug|Any CPU
		Release|Any CPU = Release|Any CPU
	EndGlobalSection
	GlobalSection(ProjectConfigurationPlatforms) = postSolution
		{E1DAEBA7-B136-4ADA-89FB-207E2DB8CB71}.Debug|Any CPU.ActiveCfg = Debug|Any CPU
		{E1DAEBA7-B136-4ADA-89FB-207E2DB8CB71}.Debug|Any CPU.Build.0 = Debug|Any CPU
		{E1DAEBA7-B136-4ADA-89FB-207E2DB8CB71}.Release|Any CPU.ActiveCfg = Release|Any CPU
		{E1DAEBA7-B136-4ADA-89FB-207E2DB8CB71}.Release|Any CPU.Build.0 = Release|Any CPU
		{0B19FDC9-2B5B-4C2A-957B-EC989E971F48}.Debug|Any CPU.ActiveCfg = Debug|Any CPU
		{0B19FDC9-2B5B-4C2A-957B-EC989E971F48}.Debug|Any CPU.Build.0 = Debug|Any CPU
		{0B19FDC9-2B5B-4C2A-957B-EC989E971F48}.Release|Any CPU.ActiveCfg = Release|Any CPU
		{0B19FDC9-2B5B-4C2A-957B-EC989E971F48}.Release|Any CPU.Build.0 = Release|Any CPU
	EndGlobalSection
	GlobalSection(SolutionProperties) = preSolution
		HideSolutionNode = FALSE
	EndGlobalSection
EndGlobal
